{
    "_readme": [
        "This file locks the dependencies of your project to a known state",
        "Read more about it at https://getcomposer.org/doc/01-basic-usage.md#installing-dependencies",
        "This file is @generated automatically"
    ],
    "content-hash": "2e3d315be74393c9404e8b8189e88279",
    "packages": [
        {
            "name": "krokedil/krokedil-logger",
            "version": "1.0.6",
            "source": {
                "type": "git",
                "url": "https://github.com/krokedil/krokedil-logger.git",
                "reference": "68fca237f3d53720d223373827531488d5ef7b21"
            },
            "dist": {
                "type": "zip",
                "url": "https://api.github.com/repos/krokedil/krokedil-logger/zipball/68fca237f3d53720d223373827531488d5ef7b21",
                "reference": "68fca237f3d53720d223373827531488d5ef7b21",
                "shasum": ""
            },
            "require": {
                "php": ">=5.6.0"
            },
            "type": "library",
            "autoload": {
                "files": [
                    "src/krokedil-order-event-log.php"
                ]
            },
            "notification-url": "https://packagist.org/downloads/",
            "license": [
                "MIT"
            ],
            "authors": [
                {
                    "name": "Krokedil",
                    "email": "info@krokedil.se",
                    "homepage": "https://www.krokedil.se",
                    "role": "Developer"
                }
            ],
            "description": "Logging for WooCommerce Gateways",
            "homepage": "https://www.krokedil.se",
            "keywords": [
                "log",
                "logging",
                "woocommerce"
            ],
            "support": {
                "issues": "https://github.com/krokedil/krokedil-logger/issues",
                "source": "https://github.com/krokedil/krokedil-logger/tree/1.0.6"
            },
            "time": "2018-03-29T13:59:58+00:00"
        },
        {
            "name": "payer/sdk",
            "version": "1.1.22",
            "source": {
                "type": "git",
                "url": "https://github.com/PayerPayment/Payer-PhpSdk.git",
                "reference": "2fc798f94e8d5168ca4ee5212877ae39ee3cbed7"
            },
            "dist": {
                "type": "zip",
                "url": "https://api.github.com/repos/PayerPayment/Payer-PhpSdk/zipball/2fc798f94e8d5168ca4ee5212877ae39ee3cbed7",
                "reference": "2fc798f94e8d5168ca4ee5212877ae39ee3cbed7",
                "shasum": ""
            },
            "require": {
                "ext-curl": "*",
                "php": ">=7.1"
            },
            "require-dev": {
                "php-coveralls/php-coveralls": "^2",
                "phpmd/phpmd": "~2.2",
                "phpunit/phpunit": "^8.5",
                "squizlabs/php_codesniffer": "~2.3"
            },
            "type": "library",
            "autoload": {
                "psr-4": {
                    "Payer\\Sdk\\": "src",
                    "Payer\\Test\\": "tests"
                }
            },
            "notification-url": "https://packagist.org/downloads/",
            "license": [
                "Apache-2.0"
            ],
            "authors": [
                {
                    "name": "Björn Ihlar",
                    "email": "bihla@payer.se"
                }
            ],
            "description": "The all-in-one Payer API for PHP Developers. Tested up to PHP 8.1 This is the only package you need to get started with Payers payment services.",
            "homepage": "https://github.com/PayerPayment/Payer-PhpSdk",
            "keywords": [
                "ecommerce",
                "payer",
                "payer sdk",
                "payment",
                "sdk"
            ],
            "support": {
                "issues": "https://github.com/PayerPayment/Payer-PhpSdk/issues",
                "source": "https://github.com/PayerPayment/Payer-PhpSdk/tree/1.1.22"
            },
            "time": "2022-11-02T11:11:04+00:00"
        }
    ],
    "packages-dev": [],
    "aliases": [],
    "minimum-stability": "stable",
    "stability-flags": [],
    "prefer-stable": false,
    "prefer-lowest": false,
    "platform": [],
    "platform-dev": [],
    "plugin-api-version": "2.3.0"
}
